
Microsoft Visual Studio Solution File, Format Version 12.00
# Visual Studio 14
VisualStudioVersion = 14.0.25420.1
MinimumVisualStudioVersion = 10.0.40219.1
Project("{FAE04EC0-301F-11D3-BF4B-00C04F79EFBC}") = "TimeListFormsApp", "TimeListFormsApp\TimeListFormsApp\TimeListFormsApp.csproj", "{4187AC18-69AC-46B4-AB07-667365C00E5F}"
EndProject
Project("{FAE04EC0-301F-11D3-BF4B-00C04F79EFBC}") = "TimeListFormsApp.Droid", "TimeListFormsApp\TimeListFormsApp.Droid\TimeListFormsApp.Droid.csproj", "{2AE35B90-0F68-49C4-9C87-5129481DFF59}"
EndProject
Project("{FAE04EC0-301F-11D3-BF4B-00C04F79EFBC}") = "TimeListFormsApp.iOS", "TimeListFormsApp\TimeListFormsApp.iOS\TimeListFormsApp.iOS.csproj", "{C6C0C347-4606-4747-9469-A17BF9668620}"
EndProject
Project("{FAE04EC0-301F-11D3-BF4B-00C04F79EFBC}") = "TimeListFormsApp.WinPhone", "TimeListFormsApp\TimeListFormsApp.WinPhone\TimeListFormsApp.WinPhone.csproj", "{D621B590-F89E-46E8-8BF0-C0F9948F146E}"
EndProject
Project("{FAE04EC0-301F-11D3-BF4B-00C04F79EFBC}") = "TimeListFormsApp.UWP", "TimeListFormsApp\TimeListFormsApp.UWP\TimeListFormsApp.UWP.csproj", "{A5073C8C-1A26-4FE2-9E15-2A0B21209EDA}"
EndProject
Project("{FAE04EC0-301F-11D3-BF4B-00C04F79EFBC}") = "TimeListFormsApp.Windows", "TimeListFormsApp\TimeListFormsApp.Windows\TimeListFormsApp.Windows.csproj", "{E2D88D1F-700C-4067-869B-F940BC1C02B4}"
EndProject
Global
	GlobalSection(SolutionConfigurationPlatforms) = preSolution
		Ad-Hoc|Any CPU = Ad-Hoc|Any CPU
		Ad-Hoc|ARM = Ad-Hoc|ARM
		Ad-Hoc|iPhone = Ad-Hoc|iPhone
		Ad-Hoc|iPhoneSimulator = Ad-Hoc|iPhoneSimulator
		Ad-Hoc|x64 = Ad-Hoc|x64
		Ad-Hoc|x86 = Ad-Hoc|x86
		AppStore|Any CPU = AppStore|Any CPU
		AppStore|ARM = AppStore|ARM
		AppStore|iPhone = AppStore|iPhone
		AppStore|iPhoneSimulator = AppStore|iPhoneSimulator
		AppStore|x64 = AppStore|x64
		AppStore|x86 = AppStore|x86
		Debug|Any CPU = Debug|Any CPU
		Debug|ARM = Debug|ARM
		Debug|iPhone = Debug|iPhone
		Debug|iPhoneSimulator = Debug|iPhoneSimulator
		Debug|x64 = Debug|x64
		Debug|x86 = Debug|x86
		Release|Any CPU = Release|Any CPU
		Release|ARM = Release|ARM
		Release|iPhone = Release|iPhone
		Release|iPhoneSimulator = Release|iPhoneSimulator
		Release|x64 = Release|x64
		Release|x86 = Release|x86
	EndGlobalSection
	GlobalSection(ProjectConfigurationPlatforms) = postSolution
		{4187AC18-69AC-46B4-AB07-667365C00E5F}.Ad-Hoc|Any CPU.ActiveCfg = Release|Any CPU
		{4187AC18-69AC-46B4-AB07-667365C00E5F}.Ad-Hoc|Any CPU.Build.0 = Release|Any CPU
		{4187AC18-69AC-46B4-AB07-667365C00E5F}.Ad-Hoc|ARM.ActiveCfg = Release|Any CPU
		{4187AC18-69AC-46B4-AB07-667365C00E5F}.Ad-Hoc|ARM.Build.0 = Release|Any CPU
		{4187AC18-69AC-46B4-AB07-667365C00E5F}.Ad-Hoc|iPhone.ActiveCfg = Release|Any CPU
		{4187AC18-69AC-46B4-AB07-667365C00E5F}.Ad-Hoc|iPhone.Build.0 = Release|Any CPU
		{4187AC18-69AC-46B4-AB07-667365C00E5F}.Ad-Hoc|iPhoneSimulator.ActiveCfg = Release|Any CPU
		{4187AC18-69AC-46B4-AB07-667365C00E5F}.Ad-Hoc|iPhoneSimulator.Build.0 = Release|Any CPU
		{4187AC18-69AC-46B4-AB07-667365C00E5F}.Ad-Hoc|x64.ActiveCfg = Release|Any CPU
		{4187AC18-69AC-46B4-AB07-667365C00E5F}.Ad-Hoc|x64.Build.0 = Release|Any CPU
		{4187AC18-69AC-46B4-AB07-667365C00E5F}.Ad-Hoc|x86.ActiveCfg = Release|Any CPU
		{4187AC18-69AC-46B4-AB07-667365C00E5F}.Ad-Hoc|x86.Build.0 = Release|Any CPU
		{4187AC18-69AC-46B4-AB07-667365C00E5F}.AppStore|Any CPU.ActiveCfg = Release|Any CPU
		{4187AC18-69AC-46B4-AB07-667365C00E5F}.AppStore|Any CPU.Build.0 = Release|Any CPU
		{4187AC18-69AC-46B4-AB07-667365C00E5F}.AppStore|ARM.ActiveCfg = Release|Any CPU
		{4187AC18-69AC-46B4-AB07-667365C00E5F}.AppStore|ARM.Build.0 = Release|Any CPU
		{4187AC18-69AC-46B4-AB07-667365C00E5F}.AppStore|iPhone.ActiveCfg = Release|Any CPU
		{4187AC18-69AC-46B4-AB07-667365C00E5F}.AppStore|iPhone.Build.0 = Release|Any CPU
		{4187AC18-69AC-46B4-AB07-667365C00E5F}.AppStore|iPhoneSimulator.ActiveCfg = Release|Any CPU
		{4187AC18-69AC-46B4-AB07-667365C00E5F}.AppStore|iPhoneSimulator.Build.0 = Release|Any CPU
		{4187AC18-69AC-46B4-AB07-667365C00E5F}.AppStore|x64.ActiveCfg = Release|Any CPU
		{4187AC18-69AC-46B4-AB07-667365C00E5F}.AppStore|x64.Build.0 = Release|Any CPU
		{4187AC18-69AC-46B4-AB07-667365C00E5F}.AppStore|x86.ActiveCfg = Release|Any CPU
		{4187AC18-69AC-46B4-AB07-667365C00E5F}.AppStore|x86.Build.0 = Release|Any CPU
		{4187AC18-69AC-46B4-AB07-667365C00E5F}.Debug|Any CPU.ActiveCfg = Debug|Any CPU
		{4187AC18-69AC-46B4-AB07-667365C00E5F}.Debug|Any CPU.Build.0 = Debug|Any CPU
		{4187AC18-69AC-46B4-AB07-667365C00E5F}.Debug|ARM.ActiveCfg = Debug|Any CPU
		{4187AC18-69AC-46B4-AB07-667365C00E5F}.Debug|ARM.Build.0 = Debug|Any CPU
		{4187AC18-69AC-46B4-AB07-667365C00E5F}.Debug|iPhone.ActiveCfg = Debug|Any CPU
		{4187AC18-69AC-46B4-AB07-667365C00E5F}.Debug|iPhone.Build.0 = Debug|Any CPU
		{4187AC18-69AC-46B4-AB07-667365C00E5F}.Debug|iPhoneSimulator.ActiveCfg = Debug|Any CPU
		{4187AC18-69AC-46B4-AB07-667365C00E5F}.Debug|iPhoneSimulator.Build.0 = Debug|Any CPU
		{4187AC18-69AC-46B4-AB07-667365C00E5F}.Debug|x64.ActiveCfg = Debug|Any CPU
		{4187AC18-69AC-46B4-AB07-667365C00E5F}.Debug|x64.Build.0 = Debug|Any CPU
		{4187AC18-69AC-46B4-AB07-667365C00E5F}.Debug|x86.ActiveCfg = Debug|Any CPU
		{4187AC18-69AC-46B4-AB07-667365C00E5F}.Debug|x86.Build.0 = Debug|Any CPU
		{4187AC18-69AC-46B4-AB07-667365C00E5F}.Release|Any CPU.ActiveCfg = Release|Any CPU
		{4187AC18-69AC-46B4-AB07-667365C00E5F}.Release|Any CPU.Build.0 = Release|Any CPU
		{4187AC18-69AC-46B4-AB07-667365C00E5F}.Release|ARM.ActiveCfg = Release|Any CPU
		{4187AC18-69AC-46B4-AB07-667365C00E5F}.Release|ARM.Build.0 = Release|Any CPU
		{4187AC18-69AC-46B4-AB07-667365C00E5F}.Release|iPhone.ActiveCfg = Release|Any CPU
		{4187AC18-69AC-46B4-AB07-667365C00E5F}.Release|iPhone.Build.0 = Release|Any CPU
		{4187AC18-69AC-46B4-AB07-667365C00E5F}.Release|iPhoneSimulator.ActiveCfg = Release|Any CPU
		{4187AC18-69AC-46B4-AB07-667365C00E5F}.Release|iPhoneSimulator.Build.0 = Release|Any CPU
		{4187AC18-69AC-46B4-AB07-667365C00E5F}.Release|x64.ActiveCfg = Release|Any CPU
		{4187AC18-69AC-46B4-AB07-667365C00E5F}.Release|x64.Build.0 = Release|Any CPU
		{4187AC18-69AC-46B4-AB07-667365C00E5F}.Release|x86.ActiveCfg = Release|Any CPU
		{4187AC18-69AC-46B4-AB07-667365C00E5F}.Release|x86.Build.0 = Release|Any CPU
		{2AE35B90-0F68-49C4-9C87-5129481DFF59}.Ad-Hoc|Any CPU.ActiveCfg = Release|Any CPU
		{2AE35B90-0F68-49C4-9C87-5129481DFF59}.Ad-Hoc|Any CPU.Build.0 = Release|Any CPU
		{2AE35B90-0F68-49C4-9C87-5129481DFF59}.Ad-Hoc|Any CPU.Deploy.0 = Release|Any CPU
		{2AE35B90-0F68-49C4-9C87-5129481DFF59}.Ad-Hoc|ARM.ActiveCfg = Release|Any CPU
		{2AE35B90-0F68-49C4-9C87-5129481DFF59}.Ad-Hoc|ARM.Build.0 = Release|Any CPU
		{2AE35B90-0F68-49C4-9C87-5129481DFF59}.Ad-Hoc|ARM.Deploy.0 = Release|Any CPU
		{2AE35B90-0F68-49C4-9C87-5129481DFF59}.Ad-Hoc|iPhone.ActiveCfg = Release|Any CPU
		{2AE35B90-0F68-49C4-9C87-5129481DFF59}.Ad-Hoc|iPhone.Build.0 = Release|Any CPU
		{2AE35B90-0F68-49C4-9C87-5129481DFF59}.Ad-Hoc|iPhone.Deploy.0 = Release|Any CPU
		{2AE35B90-0F68-49C4-9C87-5129481DFF59}.Ad-Hoc|iPhoneSimulator.ActiveCfg = Release|Any CPU
		{2AE35B90-0F68-49C4-9C87-5129481DFF59}.Ad-Hoc|iPhoneSimulator.Build.0 = Release|Any CPU
		{2AE35B90-0F68-49C4-9C87-5129481DFF59}.Ad-Hoc|iPhoneSimulator.Deploy.0 = Release|Any CPU
		{2AE35B90-0F68-49C4-9C87-5129481DFF59}.Ad-Hoc|x64.ActiveCfg = Release|Any CPU
		{2AE35B90-0F68-49C4-9C87-5129481DFF59}.Ad-Hoc|x64.Build.0 = Release|Any CPU
		{2AE35B90-0F68-49C4-9C87-5129481DFF59}.Ad-Hoc|x64.Deploy.0 = Release|Any CPU
		{2AE35B90-0F68-49C4-9C87-5129481DFF59}.Ad-Hoc|x86.ActiveCfg = Release|Any CPU
		{2AE35B90-0F68-49C4-9C87-5129481DFF59}.Ad-Hoc|x86.Build.0 = Release|Any CPU
		{2AE35B90-0F68-49C4-9C87-5129481DFF59}.Ad-Hoc|x86.Deploy.0 = Release|Any CPU
		{2AE35B90-0F68-49C4-9C87-5129481DFF59}.AppStore|Any CPU.ActiveCfg = Release|Any CPU
		{2AE35B90-0F68-49C4-9C87-5129481DFF59}.AppStore|Any CPU.Build.0 = Release|Any CPU
		{2AE35B90-0F68-49C4-9C87-5129481DFF59}.AppStore|Any CPU.Deploy.0 = Release|Any CPU
		{2AE35B90-0F68-49C4-9C87-5129481DFF59}.AppStore|ARM.ActiveCfg = Release|Any CPU
		{2AE35B90-0F68-49C4-9C87-5129481DFF59}.AppStore|ARM.Build.0 = Release|Any CPU
		{2AE35B90-0F68-49C4-9C87-5129481DFF59}.AppStore|ARM.Deploy.0 = Release|Any CPU
		{2AE35B90-0F68-49C4-9C87-5129481DFF59}.AppStore|iPhone.ActiveCfg = Release|Any CPU
		{2AE35B90-0F68-49C4-9C87-5129481DFF59}.AppStore|iPhone.Build.0 = Release|Any CPU
		{2AE35B90-0F68-49C4-9C87-5129481DFF59}.AppStore|iPhone.Deploy.0 = Release|Any CPU
		{2AE35B90-0F68-49C4-9C87-5129481DFF59}.AppStore|iPhoneSimulator.ActiveCfg = Release|Any CPU
		{2AE35B90-0F68-49C4-9C87-5129481DFF59}.AppStore|iPhoneSimulator.Build.0 = Release|Any CPU
		{2AE35B90-0F68-49C4-9C87-5129481DFF59}.AppStore|iPhoneSimulator.Deploy.0 = Release|Any CPU
		{2AE35B90-0F68-49C4-9C87-5129481DFF59}.AppStore|x64.ActiveCfg = Release|Any CPU
		{2AE35B90-0F68-49C4-9C87-5129481DFF59}.AppStore|x64.Build.0 = Release|Any CPU
		{2AE35B90-0F68-49C4-9C87-5129481DFF59}.AppStore|x64.Deploy.0 = Release|Any CPU
		{2AE35B90-0F68-49C4-9C87-5129481DFF59}.AppStore|x86.ActiveCfg = Release|Any CPU
		{2AE35B90-0F68-49C4-9C87-5129481DFF59}.AppStore|x86.Build.0 = Release|Any CPU
		{2AE35B90-0F68-49C4-9C87-5129481DFF59}.AppStore|x86.Deploy.0 = Release|Any CPU
		{2AE35B90-0F68-49C4-9C87-5129481DFF59}.Debug|Any CPU.ActiveCfg = Debug|Any CPU
		{2AE35B90-0F68-49C4-9C87-5129481DFF59}.Debug|Any CPU.Build.0 = Debug|Any CPU
		{2AE35B90-0F68-49C4-9C87-5129481DFF59}.Debug|Any CPU.Deploy.0 = Debug|Any CPU
		{2AE35B90-0F68-49C4-9C87-5129481DFF59}.Debug|ARM.ActiveCfg = Debug|Any CPU
		{2AE35B90-0F68-49C4-9C87-5129481DFF59}.Debug|ARM.Build.0 = Debug|Any CPU
		{2AE35B90-0F68-49C4-9C87-5129481DFF59}.Debug|ARM.Deploy.0 = Debug|Any CPU
		{2AE35B90-0F68-49C4-9C87-5129481DFF59}.Debug|iPhone.ActiveCfg = Debug|Any CPU
		{2AE35B90-0F68-49C4-9C87-5129481DFF59}.Debug|iPhone.Build.0 = Debug|Any CPU
		{2AE35B90-0F68-49C4-9C87-5129481DFF59}.Debug|iPhone.Deploy.0 = Debug|Any CPU
		{2AE35B90-0F68-49C4-9C87-5129481DFF59}.Debug|iPhoneSimulator.ActiveCfg = Debug|Any CPU
		{2AE35B90-0F68-49C4-9C87-5129481DFF59}.Debug|iPhoneSimulator.Build.0 = Debug|Any CPU
		{2AE35B90-0F68-49C4-9C87-5129481DFF59}.Debug|iPhoneSimulator.Deploy.0 = Debug|Any CPU
		{2AE35B90-0F68-49C4-9C87-5129481DFF59}.Debug|x64.ActiveCfg = Debug|Any CPU
		{2AE35B90-0F68-49C4-9C87-5129481DFF59}.Debug|x64.Build.0 = Debug|Any CPU
		{2AE35B90-0F68-49C4-9C87-5129481DFF59}.Debug|x64.Deploy.0 = Debug|Any CPU
		{2AE35B90-0F68-49C4-9C87-5129481DFF59}.Debug|x86.ActiveCfg = Debug|Any CPU
		{2AE35B90-0F68-49C4-9C87-5129481DFF59}.Debug|x86.Build.0 = Debug|Any CPU
		{2AE35B90-0F68-49C4-9C87-5129481DFF59}.Debug|x86.Deploy.0 = Debug|Any CPU
		{2AE35B90-0F68-49C4-9C87-5129481DFF59}.Release|Any CPU.ActiveCfg = Release|Any CPU
		{2AE35B90-0F68-49C4-9C87-5129481DFF59}.Release|Any CPU.Build.0 = Release|Any CPU
		{2AE35B90-0F68-49C4-9C87-5129481DFF59}.Release|Any CPU.Deploy.0 = Release|Any CPU
		{2AE35B90-0F68-49C4-9C87-5129481DFF59}.Release|ARM.ActiveCfg = Release|Any CPU
		{2AE35B90-0F68-49C4-9C87-5129481DFF59}.Release|ARM.Build.0 = Release|Any CPU
		{2AE35B90-0F68-49C4-9C87-5129481DFF59}.Release|ARM.Deploy.0 = Release|Any CPU
		{2AE35B90-0F68-49C4-9C87-5129481DFF59}.Release|iPhone.ActiveCfg = Release|Any CPU
		{2AE35B90-0F68-49C4-9C87-5129481DFF59}.Release|iPhone.Build.0 = Release|Any CPU
		{2AE35B90-0F68-49C4-9C87-5129481DFF59}.Release|iPhone.Deploy.0 = Release|Any CPU
		{2AE35B90-0F68-49C4-9C87-5129481DFF59}.Release|iPhoneSimulator.ActiveCfg = Release|Any CPU
		{2AE35B90-0F68-49C4-9C87-5129481DFF59}.Release|iPhoneSimulator.Build.0 = Release|Any CPU
		{2AE35B90-0F68-49C4-9C87-5129481DFF59}.Release|iPhoneSimulator.Deploy.0 = Release|Any CPU
		{2AE35B90-0F68-49C4-9C87-5129481DFF59}.Release|x64.ActiveCfg = Release|Any CPU
		{2AE35B90-0F68-49C4-9C87-5129481DFF59}.Release|x64.Build.0 = Release|Any CPU
		{2AE35B90-0F68-49C4-9C87-5129481DFF59}.Release|x64.Deploy.0 = Release|Any CPU
		{2AE35B90-0F68-49C4-9C87-5129481DFF59}.Release|x86.ActiveCfg = Release|Any CPU
		{2AE35B90-0F68-49C4-9C87-5129481DFF59}.Release|x86.Build.0 = Release|Any CPU
		{2AE35B90-0F68-49C4-9C87-5129481DFF59}.Release|x86.Deploy.0 = Release|Any CPU
		{C6C0C347-4606-4747-9469-A17BF9668620}.Ad-Hoc|Any CPU.ActiveCfg = Ad-Hoc|iPhone
		{C6C0C347-4606-4747-9469-A17BF9668620}.Ad-Hoc|ARM.ActiveCfg = Ad-Hoc|iPhone
		{C6C0C347-4606-4747-9469-A17BF9668620}.Ad-Hoc|iPhone.ActiveCfg = Ad-Hoc|iPhone
		{C6C0C347-4606-4747-9469-A17BF9668620}.Ad-Hoc|iPhone.Build.0 = Ad-Hoc|iPhone
		{C6C0C347-4606-4747-9469-A17BF9668620}.Ad-Hoc|iPhoneSimulator.ActiveCfg = Ad-Hoc|iPhoneSimulator
		{C6C0C347-4606-4747-9469-A17BF9668620}.Ad-Hoc|iPhoneSimulator.Build.0 = Ad-Hoc|iPhoneSimulator
		{C6C0C347-4606-4747-9469-A17BF9668620}.Ad-Hoc|x64.ActiveCfg = Ad-Hoc|iPhone
		{C6C0C347-4606-4747-9469-A17BF9668620}.Ad-Hoc|x86.ActiveCfg = Ad-Hoc|iPhone
		{C6C0C347-4606-4747-9469-A17BF9668620}.AppStore|Any CPU.ActiveCfg = AppStore|iPhone
		{C6C0C347-4606-4747-9469-A17BF9668620}.AppStore|ARM.ActiveCfg = AppStore|iPhone
		{C6C0C347-4606-4747-9469-A17BF9668620}.AppStore|iPhone.ActiveCfg = AppStore|iPhone
		{C6C0C347-4606-4747-9469-A17BF9668620}.AppStore|iPhone.Build.0 = AppStore|iPhone
		{C6C0C347-4606-4747-9469-A17BF9668620}.AppStore|iPhoneSimulator.ActiveCfg = AppStore|iPhoneSimulator
		{C6C0C347-4606-4747-9469-A17BF9668620}.AppStore|iPhoneSimulator.Build.0 = AppStore|iPhoneSimulator
		{C6C0C347-4606-4747-9469-A17BF9668620}.AppStore|x64.ActiveCfg = AppStore|iPhone
		{C6C0C347-4606-4747-9469-A17BF9668620}.AppStore|x86.ActiveCfg = AppStore|iPhone
		{C6C0C347-4606-4747-9469-A17BF9668620}.Debug|Any CPU.ActiveCfg = Debug|iPhone
		{C6C0C347-4606-4747-9469-A17BF9668620}.Debug|ARM.ActiveCfg = Debug|iPhone
		{C6C0C347-4606-4747-9469-A17BF9668620}.Debug|iPhone.ActiveCfg = Debug|iPhone
		{C6C0C347-4606-4747-9469-A17BF9668620}.Debug|iPhone.Build.0 = Debug|iPhone
		{C6C0C347-4606-4747-9469-A17BF9668620}.Debug|iPhoneSimulator.ActiveCfg = Debug|iPhoneSimulator
		{C6C0C347-4606-4747-9469-A17BF9668620}.Debug|iPhoneSimulator.Build.0 = Debug|iPhoneSimulator
		{C6C0C347-4606-4747-9469-A17BF9668620}.Debug|x64.ActiveCfg = Debug|iPhone
		{C6C0C347-4606-4747-9469-A17BF9668620}.Debug|x86.ActiveCfg = Debug|iPhone
		{C6C0C347-4606-4747-9469-A17BF9668620}.Release|Any CPU.ActiveCfg = Release|iPhone
		{C6C0C347-4606-4747-9469-A17BF9668620}.Release|ARM.ActiveCfg = Release|iPhone
		{C6C0C347-4606-4747-9469-A17BF9668620}.Release|iPhone.ActiveCfg = Release|iPhone
		{C6C0C347-4606-4747-9469-A17BF9668620}.Release|iPhone.Build.0 = Release|iPhone
		{C6C0C347-4606-4747-9469-A17BF9668620}.Release|iPhoneSimulator.ActiveCfg = Release|iPhoneSimulator
		{C6C0C347-4606-4747-9469-A17BF9668620}.Release|iPhoneSimulator.Build.0 = Release|iPhoneSimulator
		{C6C0C347-4606-4747-9469-A17BF9668620}.Release|x64.ActiveCfg = Release|iPhone
		{C6C0C347-4606-4747-9469-A17BF9668620}.Release|x86.ActiveCfg = Release|iPhone
		{D621B590-F89E-46E8-8BF0-C0F9948F146E}.Ad-Hoc|Any CPU.ActiveCfg = Release|Any CPU
		{D621B590-F89E-46E8-8BF0-C0F9948F146E}.Ad-Hoc|Any CPU.Build.0 = Release|Any CPU
		{D621B590-F89E-46E8-8BF0-C0F9948F146E}.Ad-Hoc|Any CPU.Deploy.0 = Release|Any CPU
		{D621B590-F89E-46E8-8BF0-C0F9948F146E}.Ad-Hoc|ARM.ActiveCfg = Release|ARM
		{D621B590-F89E-46E8-8BF0-C0F9948F146E}.Ad-Hoc|ARM.Build.0 = Release|ARM
		{D621B590-F89E-46E8-8BF0-C0F9948F146E}.Ad-Hoc|ARM.Deploy.0 = Release|ARM
		{D621B590-F89E-46E8-8BF0-C0F9948F146E}.Ad-Hoc|iPhone.ActiveCfg = Release|Any CPU
		{D621B590-F89E-46E8-8BF0-C0F9948F146E}.Ad-Hoc|iPhone.Build.0 = Release|Any CPU
		{D621B590-F89E-46E8-8BF0-C0F9948F146E}.Ad-Hoc|iPhone.Deploy.0 = Release|Any CPU
		{D621B590-F89E-46E8-8BF0-C0F9948F146E}.Ad-Hoc|iPhoneSimulator.ActiveCfg = Release|Any CPU
		{D621B590-F89E-46E8-8BF0-C0F9948F146E}.Ad-Hoc|iPhoneSimulator.Build.0 = Release|Any CPU
		{D621B590-F89E-46E8-8BF0-C0F9948F146E}.Ad-Hoc|iPhoneSimulator.Deploy.0 = Release|Any CPU
		{D621B590-F89E-46E8-8BF0-C0F9948F146E}.Ad-Hoc|x64.ActiveCfg = Release|Any CPU
		{D621B590-F89E-46E8-8BF0-C0F9948F146E}.Ad-Hoc|x64.Build.0 = Release|Any CPU
		{D621B590-F89E-46E8-8BF0-C0F9948F146E}.Ad-Hoc|x64.Deploy.0 = Release|Any CPU
		{D621B590-F89E-46E8-8BF0-C0F9948F146E}.Ad-Hoc|x86.ActiveCfg = Release|x86
		{D621B590-F89E-46E8-8BF0-C0F9948F146E}.Ad-Hoc|x86.Build.0 = Release|x86
		{D621B590-F89E-46E8-8BF0-C0F9948F146E}.Ad-Hoc|x86.Deploy.0 = Release|x86
		{D621B590-F89E-46E8-8BF0-C0F9948F146E}.AppStore|Any CPU.ActiveCfg = Release|Any CPU
		{D621B590-F89E-46E8-8BF0-C0F9948F146E}.AppStore|Any CPU.Build.0 = Release|Any CPU
		{D621B590-F89E-46E8-8BF0-C0F9948F146E}.AppStore|Any CPU.Deploy.0 = Release|Any CPU
		{D621B590-F89E-46E8-8BF0-C0F9948F146E}.AppStore|ARM.ActiveCfg = Release|ARM
		{D621B590-F89E-46E8-8BF0-C0F9948F146E}.AppStore|ARM.Build.0 = Release|ARM
		{D621B590-F89E-46E8-8BF0-C0F9948F146E}.AppStore|ARM.Deploy.0 = Release|ARM
		{D621B590-F89E-46E8-8BF0-C0F9948F146E}.AppStore|iPhone.ActiveCfg = Release|Any CPU
		{D621B590-F89E-46E8-8BF0-C0F9948F146E}.AppStore|iPhone.Build.0 = Release|Any CPU
		{D621B590-F89E-46E8-8BF0-C0F9948F146E}.AppStore|iPhone.Deploy.0 = Release|Any CPU
		{D621B590-F89E-46E8-8BF0-C0F9948F146E}.AppStore|iPhoneSimulator.ActiveCfg = Release|Any CPU
		{D621B590-F89E-46E8-8BF0-C0F9948F146E}.AppStore|iPhoneSimulator.Build.0 = Release|Any CPU
		{D621B590-F89E-46E8-8BF0-C0F9948F146E}.AppStore|iPhoneSimulator.Deploy.0 = Release|Any CPU
		{D621B590-F89E-46E8-8BF0-C0F9948F146E}.AppStore|x64.ActiveCfg = Release|Any CPU
		{D621B590-F89E-46E8-8BF0-C0F9948F146E}.AppStore|x64.Build.0 = Release|Any CPU
		{D621B590-F89E-46E8-8BF0-C0F9948F146E}.AppStore|x64.Deploy.0 = Release|Any CPU
		{D621B590-F89E-46E8-8BF0-C0F9948F146E}.AppStore|x86.ActiveCfg = Release|x86
		{D621B590-F89E-46E8-8BF0-C0F9948F146E}.AppStore|x86.Build.0 = Release|x86
		{D621B590-F89E-46E8-8BF0-C0F9948F146E}.AppStore|x86.Deploy.0 = Release|x86
		{D621B590-F89E-46E8-8BF0-C0F9948F146E}.Debug|Any CPU.ActiveCfg = Debug|Any CPU
		{D621B590-F89E-46E8-8BF0-C0F9948F146E}.Debug|Any CPU.Build.0 = Debug|Any CPU
		{D621B590-F89E-46E8-8BF0-C0F9948F146E}.Debug|Any CPU.Deploy.0 = Debug|Any CPU
		{D621B590-F89E-46E8-8BF0-C0F9948F146E}.Debug|ARM.ActiveCfg = Debug|ARM
		{D621B590-F89E-46E8-8BF0-C0F9948F146E}.Debug|ARM.Build.0 = Debug|ARM
		{D621B590-F89E-46E8-8BF0-C0F9948F146E}.Debug|ARM.Deploy.0 = Debug|ARM
		{D621B590-F89E-46E8-8BF0-C0F9948F146E}.Debug|iPhone.ActiveCfg = Debug|Any CPU
		{D621B590-F89E-46E8-8BF0-C0F9948F146E}.Debug|iPhone.Build.0 = Debug|Any CPU
		{D621B590-F89E-46E8-8BF0-C0F9948F146E}.Debug|iPhone.Deploy.0 = Debug|Any CPU
		{D621B590-F89E-46E8-8BF0-C0F9948F146E}.Debug|iPhoneSimulator.ActiveCfg = Debug|Any CPU
		{D621B590-F89E-46E8-8BF0-C0F9948F146E}.Debug|iPhoneSimulator.Build.0 = Debug|Any CPU
		{D621B590-F89E-46E8-8BF0-C0F9948F146E}.Debug|iPhoneSimulator.Deploy.0 = Debug|Any CPU
		{D621B590-F89E-46E8-8BF0-C0F9948F146E}.Debug|x64.ActiveCfg = Debug|Any CPU
		{D621B590-F89E-46E8-8BF0-C0F9948F146E}.Debug|x64.Build.0 = Debug|Any CPU
		{D621B590-F89E-46E8-8BF0-C0F9948F146E}.Debug|x64.Deploy.0 = Debug|Any CPU
		{D621B590-F89E-46E8-8BF0-C0F9948F146E}.Debug|x86.ActiveCfg = Debug|x86
		{D621B590-F89E-46E8-8BF0-C0F9948F146E}.Debug|x86.Build.0 = Debug|x86
		{D621B590-F89E-46E8-8BF0-C0F9948F146E}.Debug|x86.Deploy.0 = Debug|x86
		{D621B590-F89E-46E8-8BF0-C0F9948F146E}.Release|Any CPU.ActiveCfg = Release|Any CPU
		{D621B590-F89E-46E8-8BF0-C0F9948F146E}.Release|Any CPU.Build.0 = Release|Any CPU
		{D621B590-F89E-46E8-8BF0-C0F9948F146E}.Release|Any CPU.Deploy.0 = Release|Any CPU
		{D621B590-F89E-46E8-8BF0-C0F9948F146E}.Release|ARM.ActiveCfg = Release|ARM
		{D621B590-F89E-46E8-8BF0-C0F9948F146E}.Release|ARM.Build.0 = Release|ARM
		{D621B590-F89E-46E8-8BF0-C0F9948F146E}.Release|ARM.Deploy.0 = Release|ARM
		{D621B590-F89E-46E8-8BF0-C0F9948F146E}.Release|iPhone.ActiveCfg = Release|Any CPU
		{D621B590-F89E-46E8-8BF0-C0F9948F146E}.Release|iPhone.Build.0 = Release|Any CPU
		{D621B590-F89E-46E8-8BF0-C0F9948F146E}.Release|iPhone.Deploy.0 = Release|Any CPU
		{D621B590-F89E-46E8-8BF0-C0F9948F146E}.Release|iPhoneSimulator.ActiveCfg = Release|Any CPU
		{D621B590-F89E-46E8-8BF0-C0F9948F146E}.Release|iPhoneSimulator.Build.0 = Release|Any CPU
		{D621B590-F89E-46E8-8BF0-C0F9948F146E}.Release|iPhoneSimulator.Deploy.0 = Release|Any CPU
		{D621B590-F89E-46E8-8BF0-C0F9948F146E}.Release|x64.ActiveCfg = Release|Any CPU
		{D621B590-F89E-46E8-8BF0-C0F9948F146E}.Release|x64.Build.0 = Release|Any CPU
		{D621B590-F89E-46E8-8BF0-C0F9948F146E}.Release|x64.Deploy.0 = Release|Any CPU
		{D621B590-F89E-46E8-8BF0-C0F9948F146E}.Release|x86.ActiveCfg = Release|x86
		{D621B590-F89E-46E8-8BF0-C0F9948F146E}.Release|x86.Build.0 = Release|x86
		{D621B590-F89E-46E8-8BF0-C0F9948F146E}.Release|x86.Deploy.0 = Release|x86
		{A5073C8C-1A26-4FE2-9E15-2A0B21209EDA}.Ad-Hoc|Any CPU.ActiveCfg = Release|x86
		{A5073C8C-1A26-4FE2-9E15-2A0B21209EDA}.Ad-Hoc|Any CPU.Build.0 = Release|x86
		{A5073C8C-1A26-4FE2-9E15-2A0B21209EDA}.Ad-Hoc|Any CPU.Deploy.0 = Release|x86
		{A5073C8C-1A26-4FE2-9E15-2A0B21209EDA}.Ad-Hoc|ARM.ActiveCfg = Release|ARM
		{A5073C8C-1A26-4FE2-9E15-2A0B21209EDA}.Ad-Hoc|ARM.Build.0 = Release|ARM
		{A5073C8C-1A26-4FE2-9E15-2A0B21209EDA}.Ad-Hoc|ARM.Deploy.0 = Release|ARM
		{A5073C8C-1A26-4FE2-9E15-2A0B21209EDA}.Ad-Hoc|iPhone.ActiveCfg = Release|x86
		{A5073C8C-1A26-4FE2-9E15-2A0B21209EDA}.Ad-Hoc|iPhone.Build.0 = Release|x86
		{A5073C8C-1A26-4FE2-9E15-2A0B21209EDA}.Ad-Hoc|iPhone.Deploy.0 = Release|x86
		{A5073C8C-1A26-4FE2-9E15-2A0B21209EDA}.Ad-Hoc|iPhoneSimulator.ActiveCfg = Release|x86
		{A5073C8C-1A26-4FE2-9E15-2A0B21209EDA}.Ad-Hoc|iPhoneSimulator.Build.0 = Release|x86
		{A5073C8C-1A26-4FE2-9E15-2A0B21209EDA}.Ad-Hoc|iPhoneSimulator.Deploy.0 = Release|x86
		{A5073C8C-1A26-4FE2-9E15-2A0B21209EDA}.Ad-Hoc|x64.ActiveCfg = Release|x64
		{A5073C8C-1A26-4FE2-9E15-2A0B21209EDA}.Ad-Hoc|x64.Build.0 = Release|x64
		{A5073C8C-1A26-4FE2-9E15-2A0B21209EDA}.Ad-Hoc|x64.Deploy.0 = Release|x64
		{A5073C8C-1A26-4FE2-9E15-2A0B21209EDA}.Ad-Hoc|x86.ActiveCfg = Release|x86
		{A5073C8C-1A26-4FE2-9E15-2A0B21209EDA}.Ad-Hoc|x86.Build.0 = Release|x86
		{A5073C8C-1A26-4FE2-9E15-2A0B21209EDA}.Ad-Hoc|x86.Deploy.0 = Release|x86
		{A5073C8C-1A26-4FE2-9E15-2A0B21209EDA}.AppStore|Any CPU.ActiveCfg = Release|x86
		{A5073C8C-1A26-4FE2-9E15-2A0B21209EDA}.AppStore|Any CPU.Build.0 = Release|x86
		{A5073C8C-1A26-4FE2-9E15-2A0B21209EDA}.AppStore|Any CPU.Deploy.0 = Release|x86
		{A5073C8C-1A26-4FE2-9E15-2A0B21209EDA}.AppStore|ARM.ActiveCfg = Release|ARM
		{A5073C8C-1A26-4FE2-9E15-2A0B21209EDA}.AppStore|ARM.Build.0 = Release|ARM
		{A5073C8C-1A26-4FE2-9E15-2A0B21209EDA}.AppStore|ARM.Deploy.0 = Release|ARM
		{A5073C8C-1A26-4FE2-9E15-2A0B21209EDA}.AppStore|iPhone.ActiveCfg = Release|x86
		{A5073C8C-1A26-4FE2-9E15-2A0B21209EDA}.AppStore|iPhone.Build.0 = Release|x86
		{A5073C8C-1A26-4FE2-9E15-2A0B21209EDA}.AppStore|iPhone.Deploy.0 = Release|x86
		{A5073C8C-1A26-4FE2-9E15-2A0B21209EDA}.AppStore|iPhoneSimulator.ActiveCfg = Release|x86
		{A5073C8C-1A26-4FE2-9E15-2A0B21209EDA}.AppStore|iPhoneSimulator.Build.0 = Release|x86
		{A5073C8C-1A26-4FE2-9E15-2A0B21209EDA}.AppStore|iPhoneSimulator.Deploy.0 = Release|x86
		{A5073C8C-1A26-4FE2-9E15-2A0B21209EDA}.AppStore|x64.ActiveCfg = Release|x64
		{A5073C8C-1A26-4FE2-9E15-2A0B21209EDA}.AppStore|x64.Build.0 = Release|x64
		{A5073C8C-1A26-4FE2-9E15-2A0B21209EDA}.AppStore|x64.Deploy.0 = Release|x64
		{A5073C8C-1A26-4FE2-9E15-2A0B21209EDA}.AppStore|x86.ActiveCfg = Release|x86
		{A5073C8C-1A26-4FE2-9E15-2A0B21209EDA}.AppStore|x86.Build.0 = Release|x86
		{A5073C8C-1A26-4FE2-9E15-2A0B21209EDA}.AppStore|x86.Deploy.0 = Release|x86
		{A5073C8C-1A26-4FE2-9E15-2A0B21209EDA}.Debug|Any CPU.ActiveCfg = Debug|x86
		{A5073C8C-1A26-4FE2-9E15-2A0B21209EDA}.Debug|ARM.ActiveCfg = Debug|ARM
		{A5073C8C-1A26-4FE2-9E15-2A0B21209EDA}.Debug|ARM.Build.0 = Debug|ARM
		{A5073C8C-1A26-4FE2-9E15-2A0B21209EDA}.Debug|ARM.Deploy.0 = Debug|ARM
		{A5073C8C-1A26-4FE2-9E15-2A0B21209EDA}.Debug|iPhone.ActiveCfg = Debug|x86
		{A5073C8C-1A26-4FE2-9E15-2A0B21209EDA}.Debug|iPhoneSimulator.ActiveCfg = Debug|x86
		{A5073C8C-1A26-4FE2-9E15-2A0B21209EDA}.Debug|x64.ActiveCfg = Debug|x64
		{A5073C8C-1A26-4FE2-9E15-2A0B21209EDA}.Debug|x64.Build.0 = Debug|x64
		{A5073C8C-1A26-4FE2-9E15-2A0B21209EDA}.Debug|x64.Deploy.0 = Debug|x64
		{A5073C8C-1A26-4FE2-9E15-2A0B21209EDA}.Debug|x86.ActiveCfg = Debug|x86
		{A5073C8C-1A26-4FE2-9E15-2A0B21209EDA}.Debug|x86.Build.0 = Debug|x86
		{A5073C8C-1A26-4FE2-9E15-2A0B21209EDA}.Debug|x86.Deploy.0 = Debug|x86
		{A5073C8C-1A26-4FE2-9E15-2A0B21209EDA}.Release|Any CPU.ActiveCfg = Release|x86
		{A5073C8C-1A26-4FE2-9E15-2A0B21209EDA}.Release|ARM.ActiveCfg = Release|ARM
		{A5073C8C-1A26-4FE2-9E15-2A0B21209EDA}.Release|ARM.Build.0 = Release|ARM
		{A5073C8C-1A26-4FE2-9E15-2A0B21209EDA}.Release|ARM.Deploy.0 = Release|ARM
		{A5073C8C-1A26-4FE2-9E15-2A0B21209EDA}.Release|iPhone.ActiveCfg = Release|x86
		{A5073C8C-1A26-4FE2-9E15-2A0B21209EDA}.Release|iPhoneSimulator.ActiveCfg = Release|x86
		{A5073C8C-1A26-4FE2-9E15-2A0B21209EDA}.Release|x64.ActiveCfg = Release|x64
		{A5073C8C-1A26-4FE2-9E15-2A0B21209EDA}.Release|x64.Build.0 = Release|x64
		{A5073C8C-1A26-4FE2-9E15-2A0B21209EDA}.Release|x64.Deploy.0 = Release|x64
		{A5073C8C-1A26-4FE2-9E15-2A0B21209EDA}.Release|x86.ActiveCfg = Release|x86
		{A5073C8C-1A26-4FE2-9E15-2A0B21209EDA}.Release|x86.Build.0 = Release|x86
		{A5073C8C-1A26-4FE2-9E15-2A0B21209EDA}.Release|x86.Deploy.0 = Release|x86
		{E2D88D1F-700C-4067-869B-F940BC1C02B4}.Ad-Hoc|Any CPU.ActiveCfg = Release|Any CPU
		{E2D88D1F-700C-4067-869B-F940BC1C02B4}.Ad-Hoc|Any CPU.Build.0 = Release|Any CPU
		{E2D88D1F-700C-4067-869B-F940BC1C02B4}.Ad-Hoc|Any CPU.Deploy.0 = Release|Any CPU
		{E2D88D1F-700C-4067-869B-F940BC1C02B4}.Ad-Hoc|ARM.ActiveCfg = Release|ARM
		{E2D88D1F-700C-4067-869B-F940BC1C02B4}.Ad-Hoc|ARM.Build.0 = Release|ARM
		{E2D88D1F-700C-4067-869B-F940BC1C02B4}.Ad-Hoc|ARM.Deploy.0 = Release|ARM
		{E2D88D1F-700C-4067-869B-F940BC1C02B4}.Ad-Hoc|iPhone.ActiveCfg = Release|Any CPU
		{E2D88D1F-700C-4067-869B-F940BC1C02B4}.Ad-Hoc|iPhone.Build.0 = Release|Any CPU
		{E2D88D1F-700C-4067-869B-F940BC1C02B4}.Ad-Hoc|iPhone.Deploy.0 = Release|Any CPU
		{E2D88D1F-700C-4067-869B-F940BC1C02B4}.Ad-Hoc|iPhoneSimulator.ActiveCfg = Release|Any CPU
		{E2D88D1F-700C-4067-869B-F940BC1C02B4}.Ad-Hoc|iPhoneSimulator.Build.0 = Release|Any CPU
		{E2D88D1F-700C-4067-869B-F940BC1C02B4}.Ad-Hoc|iPhoneSimulator.Deploy.0 = Release|Any CPU
		{E2D88D1F-700C-4067-869B-F940BC1C02B4}.Ad-Hoc|x64.ActiveCfg = Release|x64
		{E2D88D1F-700C-4067-869B-F940BC1C02B4}.Ad-Hoc|x64.Build.0 = Release|x64
		{E2D88D1F-700C-4067-869B-F940BC1C02B4}.Ad-Hoc|x64.Deploy.0 = Release|x64
		{E2D88D1F-700C-4067-869B-F940BC1C02B4}.Ad-Hoc|x86.ActiveCfg = Release|x86
		{E2D88D1F-700C-4067-869B-F940BC1C02B4}.Ad-Hoc|x86.Build.0 = Release|x86
		{E2D88D1F-700C-4067-869B-F940BC1C02B4}.Ad-Hoc|x86.Deploy.0 = Release|x86
		{E2D88D1F-700C-4067-869B-F940BC1C02B4}.AppStore|Any CPU.ActiveCfg = Release|Any CPU
		{E2D88D1F-700C-4067-869B-F940BC1C02B4}.AppStore|Any CPU.Build.0 = Release|Any CPU
		{E2D88D1F-700C-4067-869B-F940BC1C02B4}.AppStore|Any CPU.Deploy.0 = Release|Any CPU
		{E2D88D1F-700C-4067-869B-F940BC1C02B4}.AppStore|ARM.ActiveCfg = Release|ARM
		{E2D88D1F-700C-4067-869B-F940BC1C02B4}.AppStore|ARM.Build.0 = Release|ARM
		{E2D88D1F-700C-4067-869B-F940BC1C02B4}.AppStore|ARM.Deploy.0 = Release|ARM
		{E2D88D1F-700C-4067-869B-F940BC1C02B4}.AppStore|iPhone.ActiveCfg = Release|Any CPU
		{E2D88D1F-700C-4067-869B-F940BC1C02B4}.AppStore|iPhone.Build.0 = Release|Any CPU
		{E2D88D1F-700C-4067-869B-F940BC1C02B4}.AppStore|iPhone.Deploy.0 = Release|Any CPU
		{E2D88D1F-700C-4067-869B-F940BC1C02B4}.AppStore|iPhoneSimulator.ActiveCfg = Release|Any CPU
		{E2D88D1F-700C-4067-869B-F940BC1C02B4}.AppStore|iPhoneSimulator.Build.0 = Release|Any CPU
		{E2D88D1F-700C-4067-869B-F940BC1C02B4}.AppStore|iPhoneSimulator.Deploy.0 = Release|Any CPU
		{E2D88D1F-700C-4067-869B-F940BC1C02B4}.AppStore|x64.ActiveCfg = Release|x64
		{E2D88D1F-700C-4067-869B-F940BC1C02B4}.AppStore|x64.Build.0 = Release|x64
		{E2D88D1F-700C-4067-869B-F940BC1C02B4}.AppStore|x64.Deploy.0 = Release|x64
		{E2D88D1F-700C-4067-869B-F940BC1C02B4}.AppStore|x86.ActiveCfg = Release|x86
		{E2D88D1F-700C-4067-869B-F940BC1C02B4}.AppStore|x86.Build.0 = Release|x86
		{E2D88D1F-700C-4067-869B-F940BC1C02B4}.AppStore|x86.Deploy.0 = Release|x86
		{E2D88D1F-700C-4067-869B-F940BC1C02B4}.Debug|Any CPU.ActiveCfg = Debug|Any CPU
		{E2D88D1F-700C-4067-869B-F940BC1C02B4}.Debug|Any CPU.Build.0 = Debug|Any CPU
		{E2D88D1F-700C-4067-869B-F940BC1C02B4}.Debug|Any CPU.Deploy.0 = Debug|Any CPU
		{E2D88D1F-700C-4067-869B-F940BC1C02B4}.Debug|ARM.ActiveCfg = Debug|ARM
		{E2D88D1F-700C-4067-869B-F940BC1C02B4}.Debug|ARM.Build.0 = Debug|ARM
		{E2D88D1F-700C-4067-869B-F940BC1C02B4}.Debug|ARM.Deploy.0 = Debug|ARM
		{E2D88D1F-700C-4067-869B-F940BC1C02B4}.Debug|iPhone.ActiveCfg = Debug|Any CPU
		{E2D88D1F-700C-4067-869B-F940BC1C02B4}.Debug|iPhone.Build.0 = Debug|Any CPU
		{E2D88D1F-700C-4067-869B-F940BC1C02B4}.Debug|iPhone.Deploy.0 = Debug|Any CPU
		{E2D88D1F-700C-4067-869B-F940BC1C02B4}.Debug|iPhoneSimulator.ActiveCfg = Debug|Any CPU
		{E2D88D1F-700C-4067-869B-F940BC1C02B4}.Debug|iPhoneSimulator.Build.0 = Debug|Any CPU
		{E2D88D1F-700C-4067-869B-F940BC1C02B4}.Debug|iPhoneSimulator.Deploy.0 = Debug|Any CPU
		{E2D88D1F-700C-4067-869B-F940BC1C02B4}.Debug|x64.ActiveCfg = Debug|x64
		{E2D88D1F-700C-4067-869B-F940BC1C02B4}.Debug|x64.Build.0 = Debug|x64
		{E2D88D1F-700C-4067-869B-F940BC1C02B4}.Debug|x64.Deploy.0 = Debug|x64
		{E2D88D1F-700C-4067-869B-F940BC1C02B4}.Debug|x86.ActiveCfg = Debug|x86
		{E2D88D1F-700C-4067-869B-F940BC1C02B4}.Debug|x86.Build.0 = Debug|x86
		{E2D88D1F-700C-4067-869B-F940BC1C02B4}.Debug|x86.Deploy.0 = Debug|x86
		{E2D88D1F-700C-4067-869B-F940BC1C02B4}.Release|Any CPU.ActiveCfg = Release|Any CPU
		{E2D88D1F-700C-4067-869B-F940BC1C02B4}.Release|Any CPU.Build.0 = Release|Any CPU
		{E2D88D1F-700C-4067-869B-F940BC1C02B4}.Release|Any CPU.Deploy.0 = Release|Any CPU
		{E2D88D1F-700C-4067-869B-F940BC1C02B4}.Release|ARM.ActiveCfg = Release|ARM
		{E2D88D1F-700C-4067-869B-F940BC1C02B4}.Release|ARM.Build.0 = Release|ARM
		{E2D88D1F-700C-4067-869B-F940BC1C02B4}.Release|ARM.Deploy.0 = Release|ARM
		{E2D88D1F-700C-4067-869B-F940BC1C02B4}.Release|iPhone.ActiveCfg = Release|Any CPU
		{E2D88D1F-700C-4067-869B-F940BC1C02B4}.Release|iPhone.Build.0 = Release|Any CPU
		{E2D88D1F-700C-4067-869B-F940BC1C02B4}.Release|iPhone.Deploy.0 = Release|Any CPU
		{E2D88D1F-700C-4067-869B-F940BC1C02B4}.Release|iPhoneSimulator.ActiveCfg = Release|Any CPU
		{E2D88D1F-700C-4067-869B-F940BC1C02B4}.Release|iPhoneSimulator.Build.0 = Release|Any CPU
		{E2D88D1F-700C-4067-869B-F940BC1C02B4}.Release|iPhoneSimulator.Deploy.0 = Release|Any CPU
		{E2D88D1F-700C-4067-869B-F940BC1C02B4}.Release|x64.ActiveCfg = Release|x64
		{E2D88D1F-700C-4067-869B-F940BC1C02B4}.Release|x64.Build.0 = Release|x64
		{E2D88D1F-700C-4067-869B-F940BC1C02B4}.Release|x64.Deploy.0 = Release|x64
		{E2D88D1F-700C-4067-869B-F940BC1C02B4}.Release|x86.ActiveCfg = Release|x86
		{E2D88D1F-700C-4067-869B-F940BC1C02B4}.Release|x86.Build.0 = Release|x86
		{E2D88D1F-700C-4067-869B-F940BC1C02B4}.Release|x86.Deploy.0 = Release|x86
	EndGlobalSection
	GlobalSection(SolutionProperties) = preSolution
		HideSolutionNode = FALSE
	EndGlobalSection
EndGlobal
